
Microsoft Visual Studio Solution File, Format Version 12.00
# Visual Studio 15
Project("{FAE04EC0-301F-11D3-BF4B-00C04F79EFBC}") = "UnityEngine.UI", "UnityEngine.UI.csproj", "{8AFEE18E-8861-F354-9C65-F084F09B8D12}"
EndProject
Project("{FAE04EC0-301F-11D3-BF4B-00C04F79EFBC}") = "UnityEngine.TestRunner", "UnityEngine.TestRunner.csproj", "{1C6BAFA7-0DE3-BF81-C13B-A7C258BAF868}"
EndProject
Project("{FAE04EC0-301F-11D3-BF4B-00C04F79EFBC}") = "Assembly-CSharp", "Assembly-CSharp.csproj", "{8B55705B-21AC-E89B-C09B-85E35B4116FF}"
EndProject
Project("{FAE04EC0-301F-11D3-BF4B-00C04F79EFBC}") = "Unity.Mathematics", "Unity.Mathematics.csproj", "{DA3686A5-39AD-6E9C-630F-9EB2198F72CF}"
EndProject
Project("{FAE04EC0-301F-11D3-BF4B-00C04F79EFBC}") = "Unity.2D.Animation.Triangle.Runtime", "Unity.2D.Animation.Triangle.Runtime.csproj", "{390060F2-1A0F-691D-D2F9-21F5769967D5}"
EndProject
Project("{FAE04EC0-301F-11D3-BF4B-00C04F79EFBC}") = "Unity.Timeline", "Unity.Timeline.csproj", "{BBCD02ED-9E8D-C373-F8B4-818566763F0C}"
EndProject
Project("{FAE04EC0-301F-11D3-BF4B-00C04F79EFBC}") = "Unity.TextMeshPro", "Unity.TextMeshPro.csproj", "{0936B745-ADAE-750B-14AF-AF5AC7CBFEE0}"
EndProject
Project("{FAE04EC0-301F-11D3-BF4B-00C04F79EFBC}") = "Unity.2D.Animation.Runtime", "Unity.2D.Animation.Runtime.csproj", "{9B6ABD86-6817-7DEA-0861-C056C949552F}"
EndProject
Project("{FAE04EC0-301F-11D3-BF4B-00C04F79EFBC}") = "Unity.2D.IK.Runtime", "Unity.2D.IK.Runtime.csproj", "{D3399EF9-2BE4-40C1-8563-C3FDD280D029}"
EndProject
Project("{FAE04EC0-301F-11D3-BF4B-00C04F79EFBC}") = "Unity.2D.SpriteShape.Runtime", "Unity.2D.SpriteShape.Runtime.csproj", "{84899AA3-0AC8-E2F8-8569-42F7D53D9811}"
EndProject
Project("{FAE04EC0-301F-11D3-BF4B-00C04F79EFBC}") = "Unity.2D.PixelPerfect", "Unity.2D.PixelPerfect.csproj", "{343A5B4E-608C-5042-9F1B-AE81E8825005}"
EndProject
Project("{FAE04EC0-301F-11D3-BF4B-00C04F79EFBC}") = "Unity.2D.Common.Runtime", "Unity.2D.Common.Runtime.csproj", "{7858C69A-2E45-9924-AD7C-8C6E0FDE799D}"
EndProject
Project("{FAE04EC0-301F-11D3-BF4B-00C04F79EFBC}") = "Unity.InternalAPIEngineBridge.001", "Unity.InternalAPIEngineBridge.001.csproj", "{7B9A26B6-F9AF-72DE-F1F2-D8F4994DCAF1}"
EndProject
Project("{FAE04EC0-301F-11D3-BF4B-00C04F79EFBC}") = "UnityEditor.TestRunner", "UnityEditor.TestRunner.csproj", "{1579C38D-FB42-67DA-E529-46676209C98F}"
EndProject
Project("{FAE04EC0-301F-11D3-BF4B-00C04F79EFBC}") = "Unity.PlasticSCM.Editor", "Unity.PlasticSCM.Editor.csproj", "{2EA7EE7A-CEF5-789F-9BDE-0163108C55DF}"
EndProject
Project("{FAE04EC0-301F-11D3-BF4B-00C04F79EFBC}") = "UnityEditor.UI", "UnityEditor.UI.csproj", "{5CFAB371-F96C-092C-1ECE-9697EB7C5148}"
EndProject
Project("{FAE04EC0-301F-11D3-BF4B-00C04F79EFBC}") = "Unity.Services.Core.Editor", "Unity.Services.Core.Editor.csproj", "{263B58CC-0C51-1DCE-29C0-5BA1836D4F27}"
EndProject
Project("{FAE04EC0-301F-11D3-BF4B-00C04F79EFBC}") = "Unity.Timeline.Editor", "Unity.Timeline.Editor.csproj", "{92F0E09B-D0E3-32DE-43C4-6BCBE56B9170}"
EndProject
Project("{FAE04EC0-301F-11D3-BF4B-00C04F79EFBC}") = "Unity.VisualStudio.Editor", "Unity.VisualStudio.Editor.csproj", "{BB5D603D-8E9D-08D1-5EC6-5C801DE01C8F}"
EndProject
Project("{FAE04EC0-301F-11D3-BF4B-00C04F79EFBC}") = "Unity.2D.Psdimporter.Editor", "Unity.2D.Psdimporter.Editor.csproj", "{E8031827-2882-9B57-92A4-BF85A5260416}"
EndProject
Project("{FAE04EC0-301F-11D3-BF4B-00C04F79EFBC}") = "Unity.2D.Animation.Editor", "Unity.2D.Animation.Editor.csproj", "{8B271D6D-2F3A-DF5E-270D-36EB19F65637}"
EndProject
Project("{FAE04EC0-301F-11D3-BF4B-00C04F79EFBC}") = "Unity.TextMeshPro.Editor", "Unity.TextMeshPro.Editor.csproj", "{B86DC200-A875-7F3C-44AB-525024C1D429}"
EndProject
Project("{FAE04EC0-301F-11D3-BF4B-00C04F79EFBC}") = "Unity.2D.SpriteShape.Editor", "Unity.2D.SpriteShape.Editor.csproj", "{E7CA6F1F-CA6D-F0CE-7950-2BD852EC29CF}"
EndProject
Project("{FAE04EC0-301F-11D3-BF4B-00C04F79EFBC}") = "Unity.CollabProxy.Editor", "Unity.CollabProxy.Editor.csproj", "{8BECCBA3-F04D-4051-7DB9-44192908A4BB}"
EndProject
Project("{FAE04EC0-301F-11D3-BF4B-00C04F79EFBC}") = "PsdPlugin", "PsdPlugin.csproj", "{A803882C-FF12-258A-FEAA-6331267F60CF}"
EndProject
Project("{FAE04EC0-301F-11D3-BF4B-00C04F79EFBC}") = "Unity.2D.Path.Editor", "Unity.2D.Path.Editor.csproj", "{412A122D-360B-2D39-737D-C68F33167561}"
EndProject
Project("{FAE04EC0-301F-11D3-BF4B-00C04F79EFBC}") = "Unity.Rider.Editor", "Unity.Rider.Editor.csproj", "{8F55F554-FA21-C2FC-6364-96A7DDB74FCE}"
EndProject
Project("{FAE04EC0-301F-11D3-BF4B-00C04F79EFBC}") = "Unity.2D.IK.Editor", "Unity.2D.IK.Editor.csproj", "{578050E5-1A2B-08F4-A80B-151F9E4215D6}"
EndProject
Project("{FAE04EC0-301F-11D3-BF4B-00C04F79EFBC}") = "Unity.2D.Sprite.Editor", "Unity.2D.Sprite.Editor.csproj", "{BB91ABBD-3C75-DD60-A197-0BB5889D3C3A}"
EndProject
Project("{FAE04EC0-301F-11D3-BF4B-00C04F79EFBC}") = "Unity.2D.Tilemap.Editor", "Unity.2D.Tilemap.Editor.csproj", "{74CDAC37-CE13-744A-B45E-046567CCBDF1}"
EndProject
Project("{FAE04EC0-301F-11D3-BF4B-00C04F79EFBC}") = "Unity.2D.PixelPerfect.Editor", "Unity.2D.PixelPerfect.Editor.csproj", "{CF7DAF89-1D4D-3364-F05C-C28B477C7F32}"
EndProject
Project("{FAE04EC0-301F-11D3-BF4B-00C04F79EFBC}") = "Unity.VSCode.Editor", "Unity.VSCode.Editor.csproj", "{3D2657C3-3C88-A72C-7103-4F611F6E6376}"
EndProject
Project("{FAE04EC0-301F-11D3-BF4B-00C04F79EFBC}") = "Unity.2D.Common.Editor", "Unity.2D.Common.Editor.csproj", "{058A8230-1B8B-B83B-462B-37914A430175}"
EndProject
Project("{FAE04EC0-301F-11D3-BF4B-00C04F79EFBC}") = "Unity.Mathematics.Editor", "Unity.Mathematics.Editor.csproj", "{A51E4C37-9078-1129-6B56-CAD104F46D53}"
EndProject
Project("{FAE04EC0-301F-11D3-BF4B-00C04F79EFBC}") = "Unity.InternalAPIEditorBridge.001", "Unity.InternalAPIEditorBridge.001.csproj", "{66ABDFDB-DC46-686A-95CD-E7C70F32636D}"
EndProject
Project("{FAE04EC0-301F-11D3-BF4B-00C04F79EFBC}") = "UnityEngine.UI", "UnityEngine.UI.Player.csproj", "{282068AC-2112-6F6F-7C4C-F05EEF92EA48}"
EndProject
Project("{FAE04EC0-301F-11D3-BF4B-00C04F79EFBC}") = "UnityEngine.TestRunner", "UnityEngine.TestRunner.Player.csproj", "{9EBE6D69-2F8C-09E6-9235-CC25FEBB26F1}"
EndProject
Project("{FAE04EC0-301F-11D3-BF4B-00C04F79EFBC}") = "Assembly-CSharp", "Assembly-CSharp.Player.csproj", "{EF781248-C6E9-EAE2-86EF-A67AA2A17A89}"
EndProject
Project("{FAE04EC0-301F-11D3-BF4B-00C04F79EFBC}") = "Unity.Mathematics", "Unity.Mathematics.Player.csproj", "{12345E10-D182-0C8D-B4CD-430F786A604E}"
EndProject
Project("{FAE04EC0-301F-11D3-BF4B-00C04F79EFBC}") = "Unity.2D.Animation.Triangle.Runtime", "Unity.2D.Animation.Triangle.Runtime.Player.csproj", "{85C1F56C-2FCF-C8BF-A861-896B2B86F849}"
EndProject
Project("{FAE04EC0-301F-11D3-BF4B-00C04F79EFBC}") = "Unity.Timeline", "Unity.Timeline.Player.csproj", "{9D3C3801-2EFE-5686-621B-B530B48D0DB8}"
EndProject
Project("{FAE04EC0-301F-11D3-BF4B-00C04F79EFBC}") = "Unity.TextMeshPro", "Unity.TextMeshPro.Player.csproj", "{38E57786-5063-D22C-E61A-D8D4C000B388}"
EndProject
Project("{FAE04EC0-301F-11D3-BF4B-00C04F79EFBC}") = "Unity.2D.Animation.Runtime", "Unity.2D.Animation.Runtime.Player.csproj", "{4DADEA33-008B-78A9-1C68-DA68DA7376CD}"
EndProject
Project("{FAE04EC0-301F-11D3-BF4B-00C04F79EFBC}") = "Unity.2D.IK.Runtime", "Unity.2D.IK.Runtime.Player.csproj", "{2E5F6FBF-5113-592D-6697-93355C42D2BD}"
EndProject
Project("{FAE04EC0-301F-11D3-BF4B-00C04F79EFBC}") = "Unity.2D.SpriteShape.Runtime", "Unity.2D.SpriteShape.Runtime.Player.csproj", "{8F2213E2-7207-42AC-AAD4-4E100D2C4346}"
EndProject
Project("{FAE04EC0-301F-11D3-BF4B-00C04F79EFBC}") = "Unity.2D.PixelPerfect", "Unity.2D.PixelPerfect.Player.csproj", "{C2467151-9538-BA27-35D7-10BE962132C1}"
EndProject
Project("{FAE04EC0-301F-11D3-BF4B-00C04F79EFBC}") = "Unity.2D.Common.Runtime", "Unity.2D.Common.Runtime.Player.csproj", "{29C67381-F42A-47C2-5296-262FCDB2D6ED}"
EndProject
Project("{FAE04EC0-301F-11D3-BF4B-00C04F79EFBC}") = "Unity.InternalAPIEngineBridge.001", "Unity.InternalAPIEngineBridge.001.Player.csproj", "{A5B695EA-99CB-8FC8-175C-5EF6D22319CF}"
EndProject
Global
	GlobalSection(SolutionConfigurationPlatforms) = preSolution
		Debug|Any CPU = Debug|Any CPU
		Release|Any CPU = Release|Any CPU
	EndGlobalSection
	GlobalSection(ProjectConfigurationPlatforms) = postSolution
		{8AFEE18E-8861-F354-9C65-F084F09B8D12}.Debug|Any CPU.ActiveCfg = Debug|Any CPU
		{8AFEE18E-8861-F354-9C65-F084F09B8D12}.Debug|Any CPU.Build.0 = Debug|Any CPU
		{8AFEE18E-8861-F354-9C65-F084F09B8D12}.Release|Any CPU.ActiveCfg = Release|Any CPU
		{8AFEE18E-8861-F354-9C65-F084F09B8D12}.Release|Any CPU.Build.0 = Release|Any CPU
		{1C6BAFA7-0DE3-BF81-C13B-A7C258BAF868}.Debug|Any CPU.ActiveCfg = Debug|Any CPU
		{1C6BAFA7-0DE3-BF81-C13B-A7C258BAF868}.Debug|Any CPU.Build.0 = Debug|Any CPU
		{1C6BAFA7-0DE3-BF81-C13B-A7C258BAF868}.Release|Any CPU.ActiveCfg = Release|Any CPU
		{1C6BAFA7-0DE3-BF81-C13B-A7C258BAF868}.Release|Any CPU.Build.0 = Release|Any CPU
		{8B55705B-21AC-E89B-C09B-85E35B4116FF}.Debug|Any CPU.ActiveCfg = Debug|Any CPU
		{8B55705B-21AC-E89B-C09B-85E35B4116FF}.Debug|Any CPU.Build.0 = Debug|Any CPU
		{8B55705B-21AC-E89B-C09B-85E35B4116FF}.Release|Any CPU.ActiveCfg = Release|Any CPU
		{8B55705B-21AC-E89B-C09B-85E35B4116FF}.Release|Any CPU.Build.0 = Release|Any CPU
		{DA3686A5-39AD-6E9C-630F-9EB2198F72CF}.Debug|Any CPU.ActiveCfg = Debug|Any CPU
		{DA3686A5-39AD-6E9C-630F-9EB2198F72CF}.Debug|Any CPU.Build.0 = Debug|Any CPU
		{DA3686A5-39AD-6E9C-630F-9EB2198F72CF}.Release|Any CPU.ActiveCfg = Release|Any CPU
		{DA3686A5-39AD-6E9C-630F-9EB2198F72CF}.Release|Any CPU.Build.0 = Release|Any CPU
		{390060F2-1A0F-691D-D2F9-21F5769967D5}.Debug|Any CPU.ActiveCfg = Debug|Any CPU
		{390060F2-1A0F-691D-D2F9-21F5769967D5}.Debug|Any CPU.Build.0 = Debug|Any CPU
		{390060F2-1A0F-691D-D2F9-21F5769967D5}.Release|Any CPU.ActiveCfg = Release|Any CPU
		{390060F2-1A0F-691D-D2F9-21F5769967D5}.Release|Any CPU.Build.0 = Release|Any CPU
		{BBCD02ED-9E8D-C373-F8B4-818566763F0C}.Debug|Any CPU.ActiveCfg = Debug|Any CPU
		{BBCD02ED-9E8D-C373-F8B4-818566763F0C}.Debug|Any CPU.Build.0 = Debug|Any CPU
		{BBCD02ED-9E8D-C373-F8B4-818566763F0C}.Release|Any CPU.ActiveCfg = Release|Any CPU
		{BBCD02ED-9E8D-C373-F8B4-818566763F0C}.Release|Any CPU.Build.0 = Release|Any CPU
		{0936B745-ADAE-750B-14AF-AF5AC7CBFEE0}.Debug|Any CPU.ActiveCfg = Debug|Any CPU
		{0936B745-ADAE-750B-14AF-AF5AC7CBFEE0}.Debug|Any CPU.Build.0 = Debug|Any CPU
		{0936B745-ADAE-750B-14AF-AF5AC7CBFEE0}.Release|Any CPU.ActiveCfg = Release|Any CPU
		{0936B745-ADAE-750B-14AF-AF5AC7CBFEE0}.Release|Any CPU.Build.0 = Release|Any CPU
		{9B6ABD86-6817-7DEA-0861-C056C949552F}.Debug|Any CPU.ActiveCfg = Debug|Any CPU
		{9B6ABD86-6817-7DEA-0861-C056C949552F}.Debug|Any CPU.Build.0 = Debug|Any CPU
		{9B6ABD86-6817-7DEA-0861-C056C949552F}.Release|Any CPU.ActiveCfg = Release|Any CPU
		{9B6ABD86-6817-7DEA-0861-C056C949552F}.Release|Any CPU.Build.0 = Release|Any CPU
		{D3399EF9-2BE4-40C1-8563-C3FDD280D029}.Debug|Any CPU.ActiveCfg = Debug|Any CPU
		{D3399EF9-2BE4-40C1-8563-C3FDD280D029}.Debug|Any CPU.Build.0 = Debug|Any CPU
		{D3399EF9-2BE4-40C1-8563-C3FDD280D029}.Release|Any CPU.ActiveCfg = Release|Any CPU
		{D3399EF9-2BE4-40C1-8563-C3FDD280D029}.Release|Any CPU.Build.0 = Release|Any CPU
		{84899AA3-0AC8-E2F8-8569-42F7D53D9811}.Debug|Any CPU.ActiveCfg = Debug|Any CPU
		{84899AA3-0AC8-E2F8-8569-42F7D53D9811}.Debug|Any CPU.Build.0 = Debug|Any CPU
		{84899AA3-0AC8-E2F8-8569-42F7D53D9811}.Release|Any CPU.ActiveCfg = Release|Any CPU
		{84899AA3-0AC8-E2F8-8569-42F7D53D9811}.Release|Any CPU.Build.0 = Release|Any CPU
		{343A5B4E-608C-5042-9F1B-AE81E8825005}.Debug|Any CPU.ActiveCfg = Debug|Any CPU
		{343A5B4E-608C-5042-9F1B-AE81E8825005}.Debug|Any CPU.Build.0 = Debug|Any CPU
		{343A5B4E-608C-5042-9F1B-AE81E8825005}.Release|Any CPU.ActiveCfg = Release|Any CPU
		{343A5B4E-608C-5042-9F1B-AE81E8825005}.Release|Any CPU.Build.0 = Release|Any CPU
		{7858C69A-2E45-9924-AD7C-8C6E0FDE799D}.Debug|Any CPU.ActiveCfg = Debug|Any CPU
		{7858C69A-2E45-9924-AD7C-8C6E0FDE799D}.Debug|Any CPU.Build.0 = Debug|Any CPU
		{7858C69A-2E45-9924-AD7C-8C6E0FDE799D}.Release|Any CPU.ActiveCfg = Release|Any CPU
		{7858C69A-2E45-9924-AD7C-8C6E0FDE799D}.Release|Any CPU.Build.0 = Release|Any CPU
		{7B9A26B6-F9AF-72DE-F1F2-D8F4994DCAF1}.Debug|Any CPU.ActiveCfg = Debug|Any CPU
		{7B9A26B6-F9AF-72DE-F1F2-D8F4994DCAF1}.Debug|Any CPU.Build.0 = Debug|Any CPU
		{7B9A26B6-F9AF-72DE-F1F2-D8F4994DCAF1}.Release|Any CPU.ActiveCfg = Release|Any CPU
		{7B9A26B6-F9AF-72DE-F1F2-D8F4994DCAF1}.Release|Any CPU.Build.0 = Release|Any CPU
		{1579C38D-FB42-67DA-E529-46676209C98F}.Debug|Any CPU.ActiveCfg = Debug|Any CPU
		{1579C38D-FB42-67DA-E529-46676209C98F}.Debug|Any CPU.Build.0 = Debug|Any CPU
		{1579C38D-FB42-67DA-E529-46676209C98F}.Release|Any CPU.ActiveCfg = Release|Any CPU
		{1579C38D-FB42-67DA-E529-46676209C98F}.Release|Any CPU.Build.0 = Release|Any CPU
		{2EA7EE7A-CEF5-789F-9BDE-0163108C55DF}.Debug|Any CPU.ActiveCfg = Debug|Any CPU
		{2EA7EE7A-CEF5-789F-9BDE-0163108C55DF}.Debug|Any CPU.Build.0 = Debug|Any CPU
		{2EA7EE7A-CEF5-789F-9BDE-0163108C55DF}.Release|Any CPU.ActiveCfg = Release|Any CPU
		{2EA7EE7A-CEF5-789F-9BDE-0163108C55DF}.Release|Any CPU.Build.0 = Release|Any CPU
		{5CFAB371-F96C-092C-1ECE-9697EB7C5148}.Debug|Any CPU.ActiveCfg = Debug|Any CPU
		{5CFAB371-F96C-092C-1ECE-9697EB7C5148}.Debug|Any CPU.Build.0 = Debug|Any CPU
		{5CFAB371-F96C-092C-1ECE-9697EB7C5148}.Release|Any CPU.ActiveCfg = Release|Any CPU
		{5CFAB371-F96C-092C-1ECE-9697EB7C5148}.Release|Any CPU.Build.0 = Release|Any CPU
		{263B58CC-0C51-1DCE-29C0-5BA1836D4F27}.Debug|Any CPU.ActiveCfg = Debug|Any CPU
		{263B58CC-0C51-1DCE-29C0-5BA1836D4F27}.Debug|Any CPU.Build.0 = Debug|Any CPU
		{263B58CC-0C51-1DCE-29C0-5BA1836D4F27}.Release|Any CPU.ActiveCfg = Release|Any CPU
		{263B58CC-0C51-1DCE-29C0-5BA1836D4F27}.Release|Any CPU.Build.0 = Release|Any CPU
		{92F0E09B-D0E3-32DE-43C4-6BCBE56B9170}.Debug|Any CPU.ActiveCfg = Debug|Any CPU
		{92F0E09B-D0E3-32DE-43C4-6BCBE56B9170}.Debug|Any CPU.Build.0 = Debug|Any CPU
		{92F0E09B-D0E3-32DE-43C4-6BCBE56B9170}.Release|Any CPU.ActiveCfg = Release|Any CPU
		{92F0E09B-D0E3-32DE-43C4-6BCBE56B9170}.Release|Any CPU.Build.0 = Release|Any CPU
		{BB5D603D-8E9D-08D1-5EC6-5C801DE01C8F}.Debug|Any CPU.ActiveCfg = Debug|Any CPU
		{BB5D603D-8E9D-08D1-5EC6-5C801DE01C8F}.Debug|Any CPU.Build.0 = Debug|Any CPU
		{BB5D603D-8E9D-08D1-5EC6-5C801DE01C8F}.Release|Any CPU.ActiveCfg = Release|Any CPU
		{BB5D603D-8E9D-08D1-5EC6-5C801DE01C8F}.Release|Any CPU.Build.0 = Release|Any CPU
		{E8031827-2882-9B57-92A4-BF85A5260416}.Debug|Any CPU.ActiveCfg = Debug|Any CPU
		{E8031827-2882-9B57-92A4-BF85A5260416}.Debug|Any CPU.Build.0 = Debug|Any CPU
		{E8031827-2882-9B57-92A4-BF85A5260416}.Release|Any CPU.ActiveCfg = Release|Any CPU
		{E8031827-2882-9B57-92A4-BF85A5260416}.Release|Any CPU.Build.0 = Release|Any CPU
		{8B271D6D-2F3A-DF5E-270D-36EB19F65637}.Debug|Any CPU.ActiveCfg = Debug|Any CPU
		{8B271D6D-2F3A-DF5E-270D-36EB19F65637}.Debug|Any CPU.Build.0 = Debug|Any CPU
		{8B271D6D-2F3A-DF5E-270D-36EB19F65637}.Release|Any CPU.ActiveCfg = Release|Any CPU
		{8B271D6D-2F3A-DF5E-270D-36EB19F65637}.Release|Any CPU.Build.0 = Release|Any CPU
		{B86DC200-A875-7F3C-44AB-525024C1D429}.Debug|Any CPU.ActiveCfg = Debug|Any CPU
		{B86DC200-A875-7F3C-44AB-525024C1D429}.Debug|Any CPU.Build.0 = Debug|Any CPU
		{B86DC200-A875-7F3C-44AB-525024C1D429}.Release|Any CPU.ActiveCfg = Release|Any CPU
		{B86DC200-A875-7F3C-44AB-525024C1D429}.Release|Any CPU.Build.0 = Release|Any CPU
		{E7CA6F1F-CA6D-F0CE-7950-2BD852EC29CF}.Debug|Any CPU.ActiveCfg = Debug|Any CPU
		{E7CA6F1F-CA6D-F0CE-7950-2BD852EC29CF}.Debug|Any CPU.Build.0 = Debug|Any CPU
		{E7CA6F1F-CA6D-F0CE-7950-2BD852EC29CF}.Release|Any CPU.ActiveCfg = Release|Any CPU
		{E7CA6F1F-CA6D-F0CE-7950-2BD852EC29CF}.Release|Any CPU.Build.0 = Release|Any CPU
		{8BECCBA3-F04D-4051-7DB9-44192908A4BB}.Debug|Any CPU.ActiveCfg = Debug|Any CPU
		{8BECCBA3-F04D-4051-7DB9-44192908A4BB}.Debug|Any CPU.Build.0 = Debug|Any CPU
		{8BECCBA3-F04D-4051-7DB9-44192908A4BB}.Release|Any CPU.ActiveCfg = Release|Any CPU
		{8BECCBA3-F04D-4051-7DB9-44192908A4BB}.Release|Any CPU.Build.0 = Release|Any CPU
		{A803882C-FF12-258A-FEAA-6331267F60CF}.Debug|Any CPU.ActiveCfg = Debug|Any CPU
		{A803882C-FF12-258A-FEAA-6331267F60CF}.Debug|Any CPU.Build.0 = Debug|Any CPU
		{A803882C-FF12-258A-FEAA-6331267F60CF}.Release|Any CPU.ActiveCfg = Release|Any CPU
		{A803882C-FF12-258A-FEAA-6331267F60CF}.Release|Any CPU.Build.0 = Release|Any CPU
		{412A122D-360B-2D39-737D-C68F33167561}.Debug|Any CPU.ActiveCfg = Debug|Any CPU
		{412A122D-360B-2D39-737D-C68F33167561}.Debug|Any CPU.Build.0 = Debug|Any CPU
		{412A122D-360B-2D39-737D-C68F33167561}.Release|Any CPU.ActiveCfg = Release|Any CPU
		{412A122D-360B-2D39-737D-C68F33167561}.Release|Any CPU.Build.0 = Release|Any CPU
		{8F55F554-FA21-C2FC-6364-96A7DDB74FCE}.Debug|Any CPU.ActiveCfg = Debug|Any CPU
		{8F55F554-FA21-C2FC-6364-96A7DDB74FCE}.Debug|Any CPU.Build.0 = Debug|Any CPU
		{8F55F554-FA21-C2FC-6364-96A7DDB74FCE}.Release|Any CPU.ActiveCfg = Release|Any CPU
		{8F55F554-FA21-C2FC-6364-96A7DDB74FCE}.Release|Any CPU.Build.0 = Release|Any CPU
		{578050E5-1A2B-08F4-A80B-151F9E4215D6}.Debug|Any CPU.ActiveCfg = Debug|Any CPU
		{578050E5-1A2B-08F4-A80B-151F9E4215D6}.Debug|Any CPU.Build.0 = Debug|Any CPU
		{578050E5-1A2B-08F4-A80B-151F9E4215D6}.Release|Any CPU.ActiveCfg = Release|Any CPU
		{578050E5-1A2B-08F4-A80B-151F9E4215D6}.Release|Any CPU.Build.0 = Release|Any CPU
		{BB91ABBD-3C75-DD60-A197-0BB5889D3C3A}.Debug|Any CPU.ActiveCfg = Debug|Any CPU
		{BB91ABBD-3C75-DD60-A197-0BB5889D3C3A}.Debug|Any CPU.Build.0 = Debug|Any CPU
		{BB91ABBD-3C75-DD60-A197-0BB5889D3C3A}.Release|Any CPU.ActiveCfg = Release|Any CPU
		{BB91ABBD-3C75-DD60-A197-0BB5889D3C3A}.Release|Any CPU.Build.0 = Release|Any CPU
		{74CDAC37-CE13-744A-B45E-046567CCBDF1}.Debug|Any CPU.ActiveCfg = Debug|Any CPU
		{74CDAC37-CE13-744A-B45E-046567CCBDF1}.Debug|Any CPU.Build.0 = Debug|Any CPU
		{74CDAC37-CE13-744A-B45E-046567CCBDF1}.Release|Any CPU.ActiveCfg = Release|Any CPU
		{74CDAC37-CE13-744A-B45E-046567CCBDF1}.Release|Any CPU.Build.0 = Release|Any CPU
		{CF7DAF89-1D4D-3364-F05C-C28B477C7F32}.Debug|Any CPU.ActiveCfg = Debug|Any CPU
		{CF7DAF89-1D4D-3364-F05C-C28B477C7F32}.Debug|Any CPU.Build.0 = Debug|Any CPU
		{CF7DAF89-1D4D-3364-F05C-C28B477C7F32}.Release|Any CPU.ActiveCfg = Release|Any CPU
		{CF7DAF89-1D4D-3364-F05C-C28B477C7F32}.Release|Any CPU.Build.0 = Release|Any CPU
		{3D2657C3-3C88-A72C-7103-4F611F6E6376}.Debug|Any CPU.ActiveCfg = Debug|Any CPU
		{3D2657C3-3C88-A72C-7103-4F611F6E6376}.Debug|Any CPU.Build.0 = Debug|Any CPU
		{3D2657C3-3C88-A72C-7103-4F611F6E6376}.Release|Any CPU.ActiveCfg = Release|Any CPU
		{3D2657C3-3C88-A72C-7103-4F611F6E6376}.Release|Any CPU.Build.0 = Release|Any CPU
		{058A8230-1B8B-B83B-462B-37914A430175}.Debug|Any CPU.ActiveCfg = Debug|Any CPU
		{058A8230-1B8B-B83B-462B-37914A430175}.Debug|Any CPU.Build.0 = Debug|Any CPU
		{058A8230-1B8B-B83B-462B-37914A430175}.Release|Any CPU.ActiveCfg = Release|Any CPU
		{058A8230-1B8B-B83B-462B-37914A430175}.Release|Any CPU.Build.0 = Release|Any CPU
		{A51E4C37-9078-1129-6B56-CAD104F46D53}.Debug|Any CPU.ActiveCfg = Debug|Any CPU
		{A51E4C37-9078-1129-6B56-CAD104F46D53}.Debug|Any CPU.Build.0 = Debug|Any CPU
		{A51E4C37-9078-1129-6B56-CAD104F46D53}.Release|Any CPU.ActiveCfg = Release|Any CPU
		{A51E4C37-9078-1129-6B56-CAD104F46D53}.Release|Any CPU.Build.0 = Release|Any CPU
		{66ABDFDB-DC46-686A-95CD-E7C70F32636D}.Debug|Any CPU.ActiveCfg = Debug|Any CPU
		{66ABDFDB-DC46-686A-95CD-E7C70F32636D}.Debug|Any CPU.Build.0 = Debug|Any CPU
		{66ABDFDB-DC46-686A-95CD-E7C70F32636D}.Release|Any CPU.ActiveCfg = Release|Any CPU
		{66ABDFDB-DC46-686A-95CD-E7C70F32636D}.Release|Any CPU.Build.0 = Release|Any CPU
		{282068AC-2112-6F6F-7C4C-F05EEF92EA48}.Debug|Any CPU.ActiveCfg = Debug|Any CPU
		{282068AC-2112-6F6F-7C4C-F05EEF92EA48}.Debug|Any CPU.Build.0 = Debug|Any CPU
		{282068AC-2112-6F6F-7C4C-F05EEF92EA48}.Release|Any CPU.ActiveCfg = Release|Any CPU
		{282068AC-2112-6F6F-7C4C-F05EEF92EA48}.Release|Any CPU.Build.0 = Release|Any CPU
		{9EBE6D69-2F8C-09E6-9235-CC25FEBB26F1}.Debug|Any CPU.ActiveCfg = Debug|Any CPU
		{9EBE6D69-2F8C-09E6-9235-CC25FEBB26F1}.Debug|Any CPU.Build.0 = Debug|Any CPU
		{9EBE6D69-2F8C-09E6-9235-CC25FEBB26F1}.Release|Any CPU.ActiveCfg = Release|Any CPU
		{9EBE6D69-2F8C-09E6-9235-CC25FEBB26F1}.Release|Any CPU.Build.0 = Release|Any CPU
		{EF781248-C6E9-EAE2-86EF-A67AA2A17A89}.Debug|Any CPU.ActiveCfg = Debug|Any CPU
		{EF781248-C6E9-EAE2-86EF-A67AA2A17A89}.Debug|Any CPU.Build.0 = Debug|Any CPU
		{EF781248-C6E9-EAE2-86EF-A67AA2A17A89}.Release|Any CPU.ActiveCfg = Release|Any CPU
		{EF781248-C6E9-EAE2-86EF-A67AA2A17A89}.Release|Any CPU.Build.0 = Release|Any CPU
		{12345E10-D182-0C8D-B4CD-430F786A604E}.Debug|Any CPU.ActiveCfg = Debug|Any CPU
		{12345E10-D182-0C8D-B4CD-430F786A604E}.Debug|Any CPU.Build.0 = Debug|Any CPU
		{12345E10-D182-0C8D-B4CD-430F786A604E}.Release|Any CPU.ActiveCfg = Release|Any CPU
		{12345E10-D182-0C8D-B4CD-430F786A604E}.Release|Any CPU.Build.0 = Release|Any CPU
		{85C1F56C-2FCF-C8BF-A861-896B2B86F849}.Debug|Any CPU.ActiveCfg = Debug|Any CPU
		{85C1F56C-2FCF-C8BF-A861-896B2B86F849}.Debug|Any CPU.Build.0 = Debug|Any CPU
		{85C1F56C-2FCF-C8BF-A861-896B2B86F849}.Release|Any CPU.ActiveCfg = Release|Any CPU
		{85C1F56C-2FCF-C8BF-A861-896B2B86F849}.Release|Any CPU.Build.0 = Release|Any CPU
		{9D3C3801-2EFE-5686-621B-B530B48D0DB8}.Debug|Any CPU.ActiveCfg = Debug|Any CPU
		{9D3C3801-2EFE-5686-621B-B530B48D0DB8}.Debug|Any CPU.Build.0 = Debug|Any CPU
		{9D3C3801-2EFE-5686-621B-B530B48D0DB8}.Release|Any CPU.ActiveCfg = Release|Any CPU
		{9D3C3801-2EFE-5686-621B-B530B48D0DB8}.Release|Any CPU.Build.0 = Release|Any CPU
		{38E57786-5063-D22C-E61A-D8D4C000B388}.Debug|Any CPU.ActiveCfg = Debug|Any CPU
		{38E57786-5063-D22C-E61A-D8D4C000B388}.Debug|Any CPU.Build.0 = Debug|Any CPU
		{38E57786-5063-D22C-E61A-D8D4C000B388}.Release|Any CPU.ActiveCfg = Release|Any CPU
		{38E57786-5063-D22C-E61A-D8D4C000B388}.Release|Any CPU.Build.0 = Release|Any CPU
		{4DADEA33-008B-78A9-1C68-DA68DA7376CD}.Debug|Any CPU.ActiveCfg = Debug|Any CPU
		{4DADEA33-008B-78A9-1C68-DA68DA7376CD}.Debug|Any CPU.Build.0 = Debug|Any CPU
		{4DADEA33-008B-78A9-1C68-DA68DA7376CD}.Release|Any CPU.ActiveCfg = Release|Any CPU
		{4DADEA33-008B-78A9-1C68-DA68DA7376CD}.Release|Any CPU.Build.0 = Release|Any CPU
		{2E5F6FBF-5113-592D-6697-93355C42D2BD}.Debug|Any CPU.ActiveCfg = Debug|Any CPU
		{2E5F6FBF-5113-592D-6697-93355C42D2BD}.Debug|Any CPU.Build.0 = Debug|Any CPU
		{2E5F6FBF-5113-592D-6697-93355C42D2BD}.Release|Any CPU.ActiveCfg = Release|Any CPU
		{2E5F6FBF-5113-592D-6697-93355C42D2BD}.Release|Any CPU.Build.0 = Release|Any CPU
		{8F2213E2-7207-42AC-AAD4-4E100D2C4346}.Debug|Any CPU.ActiveCfg = Debug|Any CPU
		{8F2213E2-7207-42AC-AAD4-4E100D2C4346}.Debug|Any CPU.Build.0 = Debug|Any CPU
		{8F2213E2-7207-42AC-AAD4-4E100D2C4346}.Release|Any CPU.ActiveCfg = Release|Any CPU
		{8F2213E2-7207-42AC-AAD4-4E100D2C4346}.Release|Any CPU.Build.0 = Release|Any CPU
		{C2467151-9538-BA27-35D7-10BE962132C1}.Debug|Any CPU.ActiveCfg = Debug|Any CPU
		{C2467151-9538-BA27-35D7-10BE962132C1}.Debug|Any CPU.Build.0 = Debug|Any CPU
		{C2467151-9538-BA27-35D7-10BE962132C1}.Release|Any CPU.ActiveCfg = Release|Any CPU
		{C2467151-9538-BA27-35D7-10BE962132C1}.Release|Any CPU.Build.0 = Release|Any CPU
		{29C67381-F42A-47C2-5296-262FCDB2D6ED}.Debug|Any CPU.ActiveCfg = Debug|Any CPU
		{29C67381-F42A-47C2-5296-262FCDB2D6ED}.Debug|Any CPU.Build.0 = Debug|Any CPU
		{29C67381-F42A-47C2-5296-262FCDB2D6ED}.Release|Any CPU.ActiveCfg = Release|Any CPU
		{29C67381-F42A-47C2-5296-262FCDB2D6ED}.Release|Any CPU.Build.0 = Release|Any CPU
		{A5B695EA-99CB-8FC8-175C-5EF6D22319CF}.Debug|Any CPU.ActiveCfg = Debug|Any CPU
		{A5B695EA-99CB-8FC8-175C-5EF6D22319CF}.Debug|Any CPU.Build.0 = Debug|Any CPU
		{A5B695EA-99CB-8FC8-175C-5EF6D22319CF}.Release|Any CPU.ActiveCfg = Release|Any CPU
		{A5B695EA-99CB-8FC8-175C-5EF6D22319CF}.Release|Any CPU.Build.0 = Release|Any CPU
	EndGlobalSection
	GlobalSection(SolutionProperties) = preSolution
		HideSolutionNode = FALSE
	EndGlobalSection
EndGlobal
